
Microsoft Visual Studio Solution File, Format Version 12.00
# Visual Studio 15
VisualStudioVersion = 15.0.28010.2048
MinimumVisualStudioVersion = 10.0.40219.1
Project("{FAE04EC0-301F-11D3-BF4B-00C04F79EFBC}") = "Source", "Source\Source.csproj", "{91E76F64-C594-47C3-8F95-DB0CEDDBCAED}"
EndProject
Project("{FAE04EC0-301F-11D3-BF4B-00C04F79EFBC}") = "Infrastructure", "Infrastructure\Infrastructure.csproj", "{56E8E747-03AC-48C7-B570-964C8EA5791E}"
EndProject
Global
	GlobalSection(SolutionConfigurationPlatforms) = preSolution
		Debug|Any CPU = Debug|Any CPU
		Release|Any CPU = Release|Any CPU
	EndGlobalSection
	GlobalSection(ProjectConfigurationPlatforms) = postSolution
		{91E76F64-C594-47C3-8F95-DB0CEDDBCAED}.Debug|Any CPU.ActiveCfg = Debug|Any CPU
		{91E76F64-C594-47C3-8F95-DB0CEDDBCAED}.Debug|Any CPU.Build.0 = Debug|Any CPU
		{91E76F64-C594-47C3-8F95-DB0CEDDBCAED}.Release|Any CPU.ActiveCfg = Release|Any CPU
		{91E76F64-C594-47C3-8F95-DB0CEDDBCAED}.Release|Any CPU.Build.0 = Release|Any CPU
		{56E8E747-03AC-48C7-B570-964C8EA5791E}.Debug|Any CPU.ActiveCfg = Debug|Any CPU
		{56E8E747-03AC-48C7-B570-964C8EA5791E}.Debug|Any CPU.Build.0 = Debug|Any CPU
		{56E8E747-03AC-48C7-B570-964C8EA5791E}.Release|Any CPU.ActiveCfg = Release|Any CPU
		{56E8E747-03AC-48C7-B570-964C8EA5791E}.Release|Any CPU.Build.0 = Release|Any CPU
	EndGlobalSection
	GlobalSection(SolutionProperties) = preSolution
		HideSolutionNode = FALSE
	EndGlobalSection
	GlobalSection(ExtensibilityGlobals) = postSolution
		SolutionGuid = {D0775E78-407C-4759-A6BE-E41A8EADF52D}
	EndGlobalSection
EndGlobal
